{
  "name": "scrolling-tabs-bootstrap-5",
  "version": "1.0.10",
  "lockfileVersion": 2,
  "requires": true,
  "packages": {
    "": {
      "name": "scrolling-tabs-bootstrap-5",
      "version": "1.0.10",
      "license": "Apache 2.0",
      "dependencies": {
        "bootstrap": "^5.1.3",
        "bootstrap-icons": "^1.7.2",
        "move-js": "^0.5.0"
      }
    },
    "node_modules/@popperjs/core": {
      "version": "2.11.2",
      "resolved": "https://registry.npmjs.org/@popperjs/core/-/core-2.11.2.tgz",
      "integrity": "sha512-92FRmppjjqz29VMJ2dn+xdyXZBrMlE42AV6Kq6BwjWV7CNUW1hs2FtxSNLQE+gJhaZ6AAmYuO9y8dshhcBl7vA==",
      "peer": true,
      "funding": {
        "type": "opencollective",
        "url": "https://opencollective.com/popperjs"
      }
    },
    "node_modules/after-transition": {
      "version": "0.0.4",
      "resolved": "https://registry.npmjs.org/after-transition/-/after-transition-0.0.4.tgz",
      "integrity": "sha1-FlNWBQeJPYIOUDI927qu/SrhdVU=",
      "dependencies": {
        "css-emitter-component": "~0.1.1",
        "has-transitions": "~0.3.0"
      }
    },
    "node_modules/bootstrap": {
      "version": "5.1.3",
      "resolved": "https://registry.npmjs.org/bootstrap/-/bootstrap-5.1.3.tgz",
      "integrity": "sha512-fcQztozJ8jToQWXxVuEyXWW+dSo8AiXWKwiSSrKWsRB/Qt+Ewwza+JWoLKiTuQLaEPhdNAJ7+Dosc9DOIqNy7Q==",
      "funding": {
        "type": "opencollective",
        "url": "https://opencollective.com/bootstrap"
      },
      "peerDependencies": {
        "@popperjs/core": "^2.10.2"
      }
    },
    "node_modules/bootstrap-icons": {
      "version": "1.7.2",
      "resolved": "https://registry.npmjs.org/bootstrap-icons/-/bootstrap-icons-1.7.2.tgz",
      "integrity": "sha512-NiR2PqC73AQOPdVSu6GJfnk+hN2z6powcistXk1JgPnKuoV2FSdSl26w931Oz9HYbKCcKUSB6ncZTYJAYJl3QQ==",
      "engines": {
        "node": ">=10"
      }
    },
    "node_modules/component-emitter": {
      "version": "1.3.0",
      "resolved": "https://registry.npmjs.org/component-emitter/-/component-emitter-1.3.0.tgz",
      "integrity": "sha512-Rd3se6QB+sO1TwqZjscQrurpEPIfO0/yYnSin6Q/rD3mOutHvUrCAhJub3r90uNb+SESBuE0QYoB90YdfatsRg=="
    },
    "node_modules/component-query": {
      "version": "0.0.3",
      "resolved": "https://registry.npmjs.org/component-query/-/component-query-0.0.3.tgz",
      "integrity": "sha1-B/Sdq3Bx+pYGcl31PmB/RorNqs8="
    },
    "node_modules/css-ease": {
      "version": "0.0.1",
      "resolved": "https://registry.npmjs.org/css-ease/-/css-ease-0.0.1.tgz",
      "integrity": "sha1-U3Z5tnyfx8UpaIJbb90h90ksqGw="
    },
    "node_modules/css-emitter-component": {
      "version": "0.1.1",
      "resolved": "https://registry.npmjs.org/css-emitter-component/-/css-emitter-component-0.1.1.tgz",
      "integrity": "sha1-+15MTas81iyTCsrIN7bjTYerKo4=",
      "dependencies": {
        "event-component": "~0.1.0"
      }
    },
    "node_modules/event-component": {
      "version": "0.1.0",
      "resolved": "https://registry.npmjs.org/event-component/-/event-component-0.1.0.tgz",
      "integrity": "sha1-gEVVedE0qyfju4C7KGm/lqdunmg="
    },
    "node_modules/has-transitions": {
      "version": "0.3.0",
      "resolved": "https://registry.npmjs.org/has-transitions/-/has-transitions-0.3.0.tgz",
      "integrity": "sha1-BmQ3xYlhOo17oKqjy9QI7MtAjxA="
    },
    "node_modules/has-translate3d": {
      "version": "0.0.3",
      "resolved": "https://registry.npmjs.org/has-translate3d/-/has-translate3d-0.0.3.tgz",
      "integrity": "sha1-7gFXrVtMqKGjNRSp5+9FQVoTIQM=",
      "dependencies": {
        "transform-property": "0.0.1"
      }
    },
    "node_modules/move-js": {
      "version": "0.5.0",
      "resolved": "https://registry.npmjs.org/move-js/-/move-js-0.5.0.tgz",
      "integrity": "sha1-GfQt7mH+auklJDbCd5bBImFMPSw=",
      "dependencies": {
        "after-transition": "0.0.4",
        "component-emitter": "^1.2.0",
        "component-query": "0.0.3",
        "css-ease": "0.0.1",
        "has-translate3d": "0.0.3"
      }
    },
    "node_modules/transform-property": {
      "version": "0.0.1",
      "resolved": "https://registry.npmjs.org/transform-property/-/transform-property-0.0.1.tgz",
      "integrity": "sha1-SGNmL51eW7jwwAZI7/CL6xT9ZfI="
    }
  },
  "dependencies": {
    "@popperjs/core": {
      "version": "2.11.2",
      "resolved": "https://registry.npmjs.org/@popperjs/core/-/core-2.11.2.tgz",
      "integrity": "sha512-92FRmppjjqz29VMJ2dn+xdyXZBrMlE42AV6Kq6BwjWV7CNUW1hs2FtxSNLQE+gJhaZ6AAmYuO9y8dshhcBl7vA==",
      "peer": true
    },
    "after-transition": {
      "version": "0.0.4",
      "resolved": "https://registry.npmjs.org/after-transition/-/after-transition-0.0.4.tgz",
      "integrity": "sha1-FlNWBQeJPYIOUDI927qu/SrhdVU=",
      "requires": {
        "css-emitter-component": "~0.1.1",
        "has-transitions": "~0.3.0"
      }
    },
    "bootstrap": {
      "version": "5.1.3",
      "resolved": "https://registry.npmjs.org/bootstrap/-/bootstrap-5.1.3.tgz",
      "integrity": "sha512-fcQztozJ8jToQWXxVuEyXWW+dSo8AiXWKwiSSrKWsRB/Qt+Ewwza+JWoLKiTuQLaEPhdNAJ7+Dosc9DOIqNy7Q==",
      "requires": {}
    },
    "bootstrap-icons": {
      "version": "1.7.2",
      "resolved": "https://registry.npmjs.org/bootstrap-icons/-/bootstrap-icons-1.7.2.tgz",
      "integrity": "sha512-NiR2PqC73AQOPdVSu6GJfnk+hN2z6powcistXk1JgPnKuoV2FSdSl26w931Oz9HYbKCcKUSB6ncZTYJAYJl3QQ=="
    },
    "component-emitter": {
      "version": "1.3.0",
      "resolved": "https://registry.npmjs.org/component-emitter/-/component-emitter-1.3.0.tgz",
      "integrity": "sha512-Rd3se6QB+sO1TwqZjscQrurpEPIfO0/yYnSin6Q/rD3mOutHvUrCAhJub3r90uNb+SESBuE0QYoB90YdfatsRg=="
    },
    "component-query": {
      "version": "0.0.3",
      "resolved": "https://registry.npmjs.org/component-query/-/component-query-0.0.3.tgz",
      "integrity": "sha1-B/Sdq3Bx+pYGcl31PmB/RorNqs8="
    },
    "css-ease": {
      "version": "0.0.1",
      "resolved": "https://registry.npmjs.org/css-ease/-/css-ease-0.0.1.tgz",
      "integrity": "sha1-U3Z5tnyfx8UpaIJbb90h90ksqGw="
    },
    "css-emitter-component": {
      "version": "0.1.1",
      "resolved": "https://registry.npmjs.org/css-emitter-component/-/css-emitter-component-0.1.1.tgz",
      "integrity": "sha1-+15MTas81iyTCsrIN7bjTYerKo4=",
      "requires": {
        "event-component": "~0.1.0"
      }
    },
    "event-component": {
      "version": "0.1.0",
      "resolved": "https://registry.npmjs.org/event-component/-/event-component-0.1.0.tgz",
      "integrity": "sha1-gEVVedE0qyfju4C7KGm/lqdunmg="
    },
    "has-transitions": {
      "version": "0.3.0",
      "resolved": "https://registry.npmjs.org/has-transitions/-/has-transitions-0.3.0.tgz",
      "integrity": "sha1-BmQ3xYlhOo17oKqjy9QI7MtAjxA="
    },
    "has-translate3d": {
      "version": "0.0.3",
      "resolved": "https://registry.npmjs.org/has-translate3d/-/has-translate3d-0.0.3.tgz",
      "integrity": "sha1-7gFXrVtMqKGjNRSp5+9FQVoTIQM=",
      "requires": {
        "transform-property": "0.0.1"
      }
    },
    "move-js": {
      "version": "0.5.0",
      "resolved": "https://registry.npmjs.org/move-js/-/move-js-0.5.0.tgz",
      "integrity": "sha1-GfQt7mH+auklJDbCd5bBImFMPSw=",
      "requires": {
        "after-transition": "0.0.4",
        "component-emitter": "^1.2.0",
        "component-query": "0.0.3",
        "css-ease": "0.0.1",
        "has-translate3d": "0.0.3"
      }
    },
    "transform-property": {
      "version": "0.0.1",
      "resolved": "https://registry.npmjs.org/transform-property/-/transform-property-0.0.1.tgz",
      "integrity": "sha1-SGNmL51eW7jwwAZI7/CL6xT9ZfI="
    }
  }
}
